
Microsoft Visual Studio Solution File, Format Version 12.00
# Visual Studio Version 17
VisualStudioVersion = 17.5.33414.496
MinimumVisualStudioVersion = 10.0.40219.1
Project("{FAE04EC0-301F-11D3-BF4B-00C04F79EFBC}") = "testeProvaReal", "testeProvaReal.csproj", "{C7AC7B3C-90F7-4FB4-9B22-683A25E80B1A}"
EndProject
Global
	GlobalSection(SolutionConfigurationPlatforms) = preSolution
		Debug|Any CPU = Debug|Any CPU
		Release|Any CPU = Release|Any CPU
	EndGlobalSection
	GlobalSection(ProjectConfigurationPlatforms) = postSolution
		{C7AC7B3C-90F7-4FB4-9B22-683A25E80B1A}.Debug|Any CPU.ActiveCfg = Debug|Any CPU
		{C7AC7B3C-90F7-4FB4-9B22-683A25E80B1A}.Debug|Any CPU.Build.0 = Debug|Any CPU
		{C7AC7B3C-90F7-4FB4-9B22-683A25E80B1A}.Release|Any CPU.ActiveCfg = Release|Any CPU
		{C7AC7B3C-90F7-4FB4-9B22-683A25E80B1A}.Release|Any CPU.Build.0 = Release|Any CPU
	EndGlobalSection
	GlobalSection(SolutionProperties) = preSolution
		HideSolutionNode = FALSE
	EndGlobalSection
	GlobalSection(ExtensibilityGlobals) = postSolution
		SolutionGuid = {96D6D03F-6F56-41F4-ADAD-FFC60DE96A48}
	EndGlobalSection
EndGlobal
